// !$*UTF8*$!
{
	archiveVersion = 1;
	classes = {
	};
	objectVersion = 50;
	objects = {

/* Begin PBXBuildFile section */
		3A3B156024B8B316005F76C2 /* SegueViewController.swift in Sources */ = {isa = PBXBuildFile; fileRef = 3A3B155F24B8B316005F76C2 /* SegueViewController.swift */; };
		3AFE7F7024B81F5300500ACF /* AppDelegate.swift in Sources */ = {isa = PBXBuildFile; fileRef = 3AFE7F6F24B81F5300500ACF /* AppDelegate.swift */; };
		3AFE7F7224B81F5300500ACF /* SceneDelegate.swift in Sources */ = {isa = PBXBuildFile; fileRef = 3AFE7F7124B81F5300500ACF /* SceneDelegate.swift */; };
		3AFE7F7424B81F5300500ACF /* MainViewController.swift in Sources */ = {isa = PBXBuildFile; fileRef = 3AFE7F7324B81F5300500ACF /* MainViewController.swift */; };
		3AFE7F7724B81F5300500ACF /* Main.storyboard in Resources */ = {isa = PBXBuildFile; fileRef = 3AFE7F7524B81F5300500ACF /* Main.storyboard */; };
		3AFE7F7924B81F5500500ACF /* Assets.xcassets in Resources */ = {isa = PBXBuildFile; fileRef = 3AFE7F7824B81F5500500ACF /* Assets.xcassets */; };
		3AFE7F7C24B81F5500500ACF /* LaunchScreen.storyboard in Resources */ = {isa = PBXBuildFile; fileRef = 3AFE7F7A24B81F5500500ACF /* LaunchScreen.storyboard */; };
		3AFE7F8724B81FEB00500ACF /* Constants.swift in Sources */ = {isa = PBXBuildFile; fileRef = 3AFE7F8624B81FEB00500ACF /* Constants.swift */; };
/* End PBXBuildFile section */

/* Begin PBXFileReference section */
		3A3B155F24B8B316005F76C2 /* SegueViewController.swift */ = {isa = PBXFileReference; lastKnownFileType = sourcecode.swift; path = SegueViewController.swift; sourceTree = "<group>"; };
		3AFE7F6C24B81F5300500ACF /* Segues.app */ = {isa = PBXFileReference; explicitFileType = wrapper.application; includeInIndex = 0; path = Segues.app; sourceTree = BUILT_PRODUCTS_DIR; };
		3AFE7F6F24B81F5300500ACF /* AppDelegate.swift */ = {isa = PBXFileReference; lastKnownFileType = sourcecode.swift; path = AppDelegate.swift; sourceTree = "<group>"; };
		3AFE7F7124B81F5300500ACF /* SceneDelegate.swift */ = {isa = PBXFileReference; lastKnownFileType = sourcecode.swift; path = SceneDelegate.swift; sourceTree = "<group>"; };
		3AFE7F7324B81F5300500ACF /* MainViewController.swift */ = {isa = PBXFileReference; lastKnownFileType = sourcecode.swift; path = MainViewController.swift; sourceTree = "<group>"; };
		3AFE7F7624B81F5300500ACF /* Base */ = {isa = PBXFileReference; lastKnownFileType = file.storyboard; name = Base; path = Base.lproj/Main.storyboard; sourceTree = "<group>"; };
		3AFE7F7824B81F5500500ACF /* Assets.xcassets */ = {isa = PBXFileReference; lastKnownFileType = folder.assetcatalog; path = Assets.xcassets; sourceTree = "<group>"; };
		3AFE7F7B24B81F5500500ACF /* Base */ = {isa = PBXFileReference; lastKnownFileType = file.storyboard; name = Base; path = Base.lproj/LaunchScreen.storyboard; sourceTree = "<group>"; };
		3AFE7F7D24B81F5500500ACF /* Info.plist */ = {isa = PBXFileReference; lastKnownFileType = text.plist.xml; path = Info.plist; sourceTree = "<group>"; };
		3AFE7F8624B81FEB00500ACF /* Constants.swift */ = {isa = PBXFileReference; lastKnownFileType = sourcecode.swift; path = Constants.swift; sourceTree = "<group>"; };
/* End PBXFileReference section */

/* Begin PBXFrameworksBuildPhase section */
		3AFE7F6924B81F5300500ACF /* Frameworks */ = {
			isa = PBXFrameworksBuildPhase;
			buildActionMask = 2147483647;
			files = (
			);
			runOnlyForDeploymentPostprocessing = 0;
		};
/* End PBXFrameworksBuildPhase section */

/* Begin PBXGroup section */
		3AFE7F6324B81F5300500ACF = {
			isa = PBXGroup;
			children = (
				3AFE7F6E24B81F5300500ACF /* Segues */,
				3AFE7F6D24B81F5300500ACF /* Products */,
			);
			sourceTree = "<group>";
		};
		3AFE7F6D24B81F5300500ACF /* Products */ = {
			isa = PBXGroup;
			children = (
				3AFE7F6C24B81F5300500ACF /* Segues.app */,
			);
			name = Products;
			sourceTree = "<group>";
		};
		3AFE7F6E24B81F5300500ACF /* Segues */ = {
			isa = PBXGroup;
			children = (
				3AFE7F8524B81F6C00500ACF /* Controllers */,
				3AFE7F8424B81F6700500ACF /* Views */,
				3AFE7F8324B81F5C00500ACF /* Models */,
				3AFE7F6F24B81F5300500ACF /* AppDelegate.swift */,
				3AFE7F7124B81F5300500ACF /* SceneDelegate.swift */,
				3AFE7F7824B81F5500500ACF /* Assets.xcassets */,
				3AFE7F7A24B81F5500500ACF /* LaunchScreen.storyboard */,
				3AFE7F7D24B81F5500500ACF /* Info.plist */,
				3AFE7F8624B81FEB00500ACF /* Constants.swift */,
			);
			path = Segues;
			sourceTree = "<group>";
		};
		3AFE7F8324B81F5C00500ACF /* Models */ = {
			isa = PBXGroup;
			children = (
			);
			path = Models;
			sourceTree = "<group>";
		};
		3AFE7F8424B81F6700500ACF /* Views */ = {
			isa = PBXGroup;
			children = (
				3AFE7F7524B81F5300500ACF /* Main.storyboard */,
			);
			path = Views;
			sourceTree = "<group>";
		};
		3AFE7F8524B81F6C00500ACF /* Controllers */ = {
			isa = PBXGroup;
			children = (
				3AFE7F7324B81F5300500ACF /* MainViewController.swift */,
				3A3B155F24B8B316005F76C2 /* SegueViewController.swift */,
			);
			path = Controllers;
			sourceTree = "<group>";
		};
/* End PBXGroup section */

/* Begin PBXNativeTarget section */
		3AFE7F6B24B81F5300500ACF /* Segues */ = {
			isa = PBXNativeTarget;
			buildConfigurationList = 3AFE7F8024B81F5500500ACF /* Build configuration list for PBXNativeTarget "Segues" */;
			buildPhases = (
				3AFE7F6824B81F5300500ACF /* Sources */,
				3AFE7F6924B81F5300500ACF /* Frameworks */,
				3AFE7F6A24B81F5300500ACF /* Resources */,
			);
			buildRules = (
			);
			dependencies = (
			);
			name = Segues;
			productName = Segues;
			productReference = 3AFE7F6C24B81F5300500ACF /* Segues.app */;
			productType = "com.apple.product-type.application";
		};
/* End PBXNativeTarget section */

/* Begin PBXProject section */
		3AFE7F6424B81F5300500ACF /* Project object */ = {
			isa = PBXProject;
			attributes = {
				LastSwiftUpdateCheck = 1150;
				LastUpgradeCheck = 1150;
				ORGANIZATIONNAME = RobertDodson.dev;
				TargetAttributes = {
					3AFE7F6B24B81F5300500ACF = {
						CreatedOnToolsVersion = 11.5;
					};
				};
			};
			buildConfigurationList = 3AFE7F6724B81F5300500ACF /* Build configuration list for PBXProject "Segues" */;
			compatibilityVersion = "Xcode 9.3";
			developmentRegion = en;
			hasScannedForEncodings = 0;
			knownRegions = (
				en,
				Base,
			);
			mainGroup = 3AFE7F6324B81F5300500ACF;
			productRefGroup = 3AFE7F6D24B81F5300500ACF /* Products */;
			projectDirPath = "";
			projectRoot = "";
			targets = (
				3AFE7F6B24B81F5300500ACF /* Segues */,
			);
		};
/* End PBXProject section */

/* Begin PBXResourcesBuildPhase section */
		3AFE7F6A24B81F5300500ACF /* Resources */ = {
			isa = PBXResourcesBuildPhase;
			buildActionMask = 2147483647;
			files = (
				3AFE7F7C24B81F5500500ACF /* LaunchScreen.storyboard in Resources */,
				3AFE7F7924B81F5500500ACF /* Assets.xcassets in Resources */,
				3AFE7F7724B81F5300500ACF /* Main.storyboard in Resources */,
			);
			runOnlyForDeploymentPostprocessing = 0;
		};
/* End PBXResourcesBuildPhase section */

/* Begin PBXSourcesBuildPhase section */
		3AFE7F6824B81F5300500ACF /* Sources */ = {
			isa = PBXSourcesBuildPhase;
			buildActionMask = 2147483647;
			files = (
				3AFE7F7424B81F5300500ACF /* MainViewController.swift in Sources */,
				3AFE7F7024B81F5300500ACF /* AppDelegate.swift in Sources */,
				3AFE7F7224B81F5300500ACF /* SceneDelegate.swift in Sources */,
				3A3B156024B8B316005F76C2 /* SegueViewController.swift in Sources */,
				3AFE7F8724B81FEB00500ACF /* Constants.swift in Sources */,
			);
			runOnlyForDeploymentPostprocessing = 0;
		};
/* End PBXSourcesBuildPhase section */

/* Begin PBXVariantGroup section */
		3AFE7F7524B81F5300500ACF /* Main.storyboard */ = {
			isa = PBXVariantGroup;
			children = (
				3AFE7F7624B81F5300500ACF /* Base */,
			);
			name = Main.storyboard;
			sourceTree = "<group>";
		};
		3AFE7F7A24B81F5500500ACF /* LaunchScreen.storyboard */ = {
			isa = PBXVariantGroup;
			children = (
				3AFE7F7B24B81F5500500ACF /* Base */,
			);
			name = LaunchScreen.storyboard;
			sourceTree = "<group>";
		};
/* End PBXVariantGroup section */

/* Begin XCBuildConfiguration section */
		3AFE7F7E24B81F5500500ACF /* Debug */ = {
			isa = XCBuildConfiguration;
			buildSettings = {
				ALWAYS_SEARCH_USER_PATHS = NO;
				CLANG_ANALYZER_NONNULL = YES;
				CLANG_ANALYZER_NUMBER_OBJECT_CONVERSION = YES_AGGRESSIVE;
				CLANG_CXX_LANGUAGE_STANDARD = "gnu++14";
				CLANG_CXX_LIBRARY = "libc++";
				CLANG_ENABLE_MODULES = YES;
				CLANG_ENABLE_OBJC_ARC = YES;
				CLANG_ENABLE_OBJC_WEAK = YES;
				CLANG_WARN_BLOCK_CAPTURE_AUTORELEASING = YES;
				CLANG_WARN_BOOL_CONVERSION = YES;
				CLANG_WARN_COMMA = YES;
				CLANG_WARN_CONSTANT_CONVERSION = YES;
				CLANG_WARN_DEPRECATED_OBJC_IMPLEMENTATIONS = YES;
				CLANG_WARN_DIRECT_OBJC_ISA_USAGE = YES_ERROR;
				CLANG_WARN_DOCUMENTATION_COMMENTS = YES;
				CLANG_WARN_EMPTY_BODY = YES;
				CLANG_WARN_ENUM_CONVERSION = YES;
				CLANG_WARN_INFINITE_RECURSION = YES;
				CLANG_WARN_INT_CONVERSION = YES;
				CLANG_WARN_NON_LITERAL_NULL_CONVERSION = YES;
				CLANG_WARN_OBJC_IMPLICIT_RETAIN_SELF = YES;
				CLANG_WARN_OBJC_LITERAL_CONVERSION = YES;
				CLANG_WARN_OBJC_ROOT_CLASS = YES_ERROR;
				CLANG_WARN_RANGE_LOOP_ANALYSIS = YES;
				CLANG_WARN_STRICT_PROTOTYPES = YES;
				CLANG_WARN_SUSPICIOUS_MOVE = YES;
				CLANG_WARN_UNGUARDED_AVAILABILITY = YES_AGGRESSIVE;
				CLANG_WARN_UNREACHABLE_CODE = YES;
				CLANG_WARN__DUPLICATE_METHOD_MATCH = YES;
				COPY_PHASE_STRIP = NO;
				DEBUG_INFORMATION_FORMAT = dwarf;
				ENABLE_STRICT_OBJC_MSGSEND = YES;
				ENABLE_TESTABILITY = YES;
				GCC_C_LANGUAGE_STANDARD = gnu11;
				GCC_DYNAMIC_NO_PIC = NO;
				GCC_NO_COMMON_BLOCKS = YES;
				GCC_OPTIMIZATION_LEVEL = 0;
				GCC_PREPROCESSOR_DEFINITIONS = (
					"DEBUG=1",
					"$(inherited)",
				);
				GCC_WARN_64_TO_32_BIT_CONVERSION = YES;
				GCC_WARN_ABOUT_RETURN_TYPE = YES_ERROR;
				GCC_WARN_UNDECLARED_SELECTOR = YES;
				GCC_WARN_UNINITIALIZED_AUTOS = YES_AGGRESSIVE;
				GCC_WARN_UNUSED_FUNCTION = YES;
				GCC_WARN_UNUSED_VARIABLE = YES;
				IPHONEOS_DEPLOYMENT_TARGET = 13.5;
				MTL_ENABLE_DEBUG_INFO = INCLUDE_SOURCE;
				MTL_FAST_MATH = YES;
				ONLY_ACTIVE_ARCH = YES;
				SDKROOT = iphoneos;
				SWIFT_ACTIVE_COMPILATION_CONDITIONS = DEBUG;
				SWIFT_OPTIMIZATION_LEVEL = "-Onone";
			};
			name = Debug;
		};
		3AFE7F7F24B81F5500500ACF /* Release */ = {
			isa = XCBuildConfiguration;
			buildSettings = {
				ALWAYS_SEARCH_USER_PATHS = NO;
				CLANG_ANALYZER_NONNULL = YES;
				CLANG_ANALYZER_NUMBER_OBJECT_CONVERSION = YES_AGGRESSIVE;
				CLANG_CXX_LANGUAGE_STANDARD = "gnu++14";
				CLANG_CXX_LIBRARY = "libc++";
				CLANG_ENABLE_MODULES = YES;
				CLANG_ENABLE_OBJC_ARC = YES;
				CLANG_ENABLE_OBJC_WEAK = YES;
				CLANG_WARN_BLOCK_CAPTURE_AUTORELEASING = YES;
				CLANG_WARN_BOOL_CONVERSION = YES;
				CLANG_WARN_COMMA = YES;
				CLANG_WARN_CONSTANT_CONVERSION = YES;
				CLANG_WARN_DEPRECATED_OBJC_IMPLEMENTATIONS = YES;
				CLANG_WARN_DIRECT_OBJC_ISA_USAGE = YES_ERROR;
				CLANG_WARN_DOCUMENTATION_COMMENTS = YES;
				CLANG_WARN_EMPTY_BODY = YES;
				CLANG_WARN_ENUM_CONVERSION = YES;
				CLANG_WARN_INFINITE_RECURSION = YES;
				CLANG_WARN_INT_CONVERSION = YES;
				CLANG_WARN_NON_LITERAL_NULL_CONVERSION = YES;
				CLANG_WARN_OBJC_IMPLICIT_RETAIN_SELF = YES;
				CLANG_WARN_OBJC_LITERAL_CONVERSION = YES;
				CLANG_WARN_OBJC_ROOT_CLASS = YES_ERROR;
				CLANG_WARN_RANGE_LOOP_ANALYSIS = YES;
				CLANG_WARN_STRICT_PROTOTYPES = YES;
				CLANG_WARN_SUSPICIOUS_MOVE = YES;
				CLANG_WARN_UNGUARDED_AVAILABILITY = YES_AGGRESSIVE;
				CLANG_WARN_UNREACHABLE_CODE = YES;
				CLANG_WARN__DUPLICATE_METHOD_MATCH = YES;
				COPY_PHASE_STRIP = NO;
				DEBUG_INFORMATION_FORMAT = "dwarf-with-dsym";
				ENABLE_NS_ASSERTIONS = NO;
				ENABLE_STRICT_OBJC_MSGSEND = YES;
				GCC_C_LANGUAGE_STANDARD = gnu11;
				GCC_NO_COMMON_BLOCKS = YES;
				GCC_WARN_64_TO_32_BIT_CONVERSION = YES;
				GCC_WARN_ABOUT_RETURN_TYPE = YES_ERROR;
				GCC_WARN_UNDECLARED_SELECTOR = YES;
				GCC_WARN_UNINITIALIZED_AUTOS = YES_AGGRESSIVE;
				GCC_WARN_UNUSED_FUNCTION = YES;
				GCC_WARN_UNUSED_VARIABLE = YES;
				IPHONEOS_DEPLOYMENT_TARGET = 13.5;
				MTL_ENABLE_DEBUG_INFO = NO;
				MTL_FAST_MATH = YES;
				SDKROOT = iphoneos;
				SWIFT_COMPILATION_MODE = wholemodule;
				SWIFT_OPTIMIZATION_LEVEL = "-O";
				VALIDATE_PRODUCT = YES;
			};
			name = Release;
		};
		3AFE7F8124B81F5500500ACF /* Debug */ = {
			isa = XCBuildConfiguration;
			buildSettings = {
				ASSETCATALOG_COMPILER_APPICON_NAME = AppIcon;
				CODE_SIGN_STYLE = Automatic;
				DEVELOPMENT_TEAM = 5569895MQ4;
				INFOPLIST_FILE = Segues/Info.plist;
				LD_RUNPATH_SEARCH_PATHS = (
					"$(inherited)",
					"@executable_path/Frameworks",
				);
				PRODUCT_BUNDLE_IDENTIFIER = dev.RobertDodson.Segues;
				PRODUCT_NAME = "$(TARGET_NAME)";
				SWIFT_VERSION = 5.0;
				TARGETED_DEVICE_FAMILY = "1,2";
			};
			name = Debug;
		};
		3AFE7F8224B81F5500500ACF /* Release */ = {
			isa = XCBuildConfiguration;
			buildSettings = {
				ASSETCATALOG_COMPILER_APPICON_NAME = AppIcon;
				CODE_SIGN_STYLE = Automatic;
				DEVELOPMENT_TEAM = 5569895MQ4;
				INFOPLIST_FILE = Segues/Info.plist;
				LD_RUNPATH_SEARCH_PATHS = (
					"$(inherited)",
					"@executable_path/Frameworks",
				);
				PRODUCT_BUNDLE_IDENTIFIER = dev.RobertDodson.Segues;
				PRODUCT_NAME = "$(TARGET_NAME)";
				SWIFT_VERSION = 5.0;
				TARGETED_DEVICE_FAMILY = "1,2";
			};
			name = Release;
		};
/* End XCBuildConfiguration section */

/* Begin XCConfigurationList section */
		3AFE7F6724B81F5300500ACF /* Build configuration list for PBXProject "Segues" */ = {
			isa = XCConfigurationList;
			buildConfigurations = (
				3AFE7F7E24B81F5500500ACF /* Debug */,
				3AFE7F7F24B81F5500500ACF /* Release */,
			);
			defaultConfigurationIsVisible = 0;
			defaultConfigurationName = Release;
		};
		3AFE7F8024B81F5500500ACF /* Build configuration list for PBXNativeTarget "Segues" */ = {
			isa = XCConfigurationList;
			buildConfigurations = (
				3AFE7F8124B81F5500500ACF /* Debug */,
				3AFE7F8224B81F5500500ACF /* Release */,
			);
			defaultConfigurationIsVisible = 0;
			defaultConfigurationName = Release;
		};
/* End XCConfigurationList section */
	};
	rootObject = 3AFE7F6424B81F5300500ACF /* Project object */;
}
