// !$*UTF8*$!
{
	archiveVersion = 1;
	classes = {
	};
	objectVersion = 50;
	objects = {

/* Begin PBXBuildFile section */
		3A4624D824C4BC5B00018775 /* AppDelegate.swift in Sources */ = {isa = PBXBuildFile; fileRef = 3A4624D724C4BC5B00018775 /* AppDelegate.swift */; };
		3A4624DA24C4BC5B00018775 /* SceneDelegate.swift in Sources */ = {isa = PBXBuildFile; fileRef = 3A4624D924C4BC5B00018775 /* SceneDelegate.swift */; };
		3A4624DC24C4BC5B00018775 /* WelcomeViewController.swift in Sources */ = {isa = PBXBuildFile; fileRef = 3A4624DB24C4BC5B00018775 /* WelcomeViewController.swift */; };
		3A4624DF24C4BC5B00018775 /* Main.storyboard in Resources */ = {isa = PBXBuildFile; fileRef = 3A4624DD24C4BC5B00018775 /* Main.storyboard */; };
		3A4624E124C4BC5C00018775 /* Assets.xcassets in Resources */ = {isa = PBXBuildFile; fileRef = 3A4624E024C4BC5C00018775 /* Assets.xcassets */; };
		3A4624E424C4BC5C00018775 /* LaunchScreen.storyboard in Resources */ = {isa = PBXBuildFile; fileRef = 3A4624E224C4BC5C00018775 /* LaunchScreen.storyboard */; };
		3A4624EF24C4BCA300018775 /* Constants.swift in Sources */ = {isa = PBXBuildFile; fileRef = 3A4624EE24C4BCA300018775 /* Constants.swift */; };
		3A4624F124C4BF3900018775 /* QuizViewController.swift in Sources */ = {isa = PBXBuildFile; fileRef = 3A4624F024C4BF3900018775 /* QuizViewController.swift */; };
		3A4624F324C4C94700018775 /* ResultsViewController.swift in Sources */ = {isa = PBXBuildFile; fileRef = 3A4624F224C4C94700018775 /* ResultsViewController.swift */; };
		3A4624F524C4C9E900018775 /* Country.swift in Sources */ = {isa = PBXBuildFile; fileRef = 3A4624F424C4C9E900018775 /* Country.swift */; };
		3A4624F724C4CA5200018775 /* Countries.swift in Sources */ = {isa = PBXBuildFile; fileRef = 3A4624F624C4CA5200018775 /* Countries.swift */; };
/* End PBXBuildFile section */

/* Begin PBXFileReference section */
		3A4624D424C4BC5B00018775 /* Personality Quiz.app */ = {isa = PBXFileReference; explicitFileType = wrapper.application; includeInIndex = 0; path = "Personality Quiz.app"; sourceTree = BUILT_PRODUCTS_DIR; };
		3A4624D724C4BC5B00018775 /* AppDelegate.swift */ = {isa = PBXFileReference; lastKnownFileType = sourcecode.swift; path = AppDelegate.swift; sourceTree = "<group>"; };
		3A4624D924C4BC5B00018775 /* SceneDelegate.swift */ = {isa = PBXFileReference; lastKnownFileType = sourcecode.swift; path = SceneDelegate.swift; sourceTree = "<group>"; };
		3A4624DB24C4BC5B00018775 /* WelcomeViewController.swift */ = {isa = PBXFileReference; lastKnownFileType = sourcecode.swift; path = WelcomeViewController.swift; sourceTree = "<group>"; };
		3A4624DE24C4BC5B00018775 /* Base */ = {isa = PBXFileReference; lastKnownFileType = file.storyboard; name = Base; path = Base.lproj/Main.storyboard; sourceTree = "<group>"; };
		3A4624E024C4BC5C00018775 /* Assets.xcassets */ = {isa = PBXFileReference; lastKnownFileType = folder.assetcatalog; path = Assets.xcassets; sourceTree = "<group>"; };
		3A4624E324C4BC5C00018775 /* Base */ = {isa = PBXFileReference; lastKnownFileType = file.storyboard; name = Base; path = Base.lproj/LaunchScreen.storyboard; sourceTree = "<group>"; };
		3A4624E524C4BC5C00018775 /* Info.plist */ = {isa = PBXFileReference; lastKnownFileType = text.plist.xml; path = Info.plist; sourceTree = "<group>"; };
		3A4624EE24C4BCA300018775 /* Constants.swift */ = {isa = PBXFileReference; lastKnownFileType = sourcecode.swift; path = Constants.swift; sourceTree = "<group>"; };
		3A4624F024C4BF3900018775 /* QuizViewController.swift */ = {isa = PBXFileReference; lastKnownFileType = sourcecode.swift; path = QuizViewController.swift; sourceTree = "<group>"; };
		3A4624F224C4C94700018775 /* ResultsViewController.swift */ = {isa = PBXFileReference; lastKnownFileType = sourcecode.swift; path = ResultsViewController.swift; sourceTree = "<group>"; };
		3A4624F424C4C9E900018775 /* Country.swift */ = {isa = PBXFileReference; lastKnownFileType = sourcecode.swift; path = Country.swift; sourceTree = "<group>"; };
		3A4624F624C4CA5200018775 /* Countries.swift */ = {isa = PBXFileReference; lastKnownFileType = sourcecode.swift; path = Countries.swift; sourceTree = "<group>"; };
/* End PBXFileReference section */

/* Begin PBXFrameworksBuildPhase section */
		3A4624D124C4BC5A00018775 /* Frameworks */ = {
			isa = PBXFrameworksBuildPhase;
			buildActionMask = 2147483647;
			files = (
			);
			runOnlyForDeploymentPostprocessing = 0;
		};
/* End PBXFrameworksBuildPhase section */

/* Begin PBXGroup section */
		3A4624CB24C4BC5A00018775 = {
			isa = PBXGroup;
			children = (
				3A4624D624C4BC5B00018775 /* Personality Quiz */,
				3A4624D524C4BC5B00018775 /* Products */,
			);
			sourceTree = "<group>";
		};
		3A4624D524C4BC5B00018775 /* Products */ = {
			isa = PBXGroup;
			children = (
				3A4624D424C4BC5B00018775 /* Personality Quiz.app */,
			);
			name = Products;
			sourceTree = "<group>";
		};
		3A4624D624C4BC5B00018775 /* Personality Quiz */ = {
			isa = PBXGroup;
			children = (
				3A4624EB24C4BC6700018775 /* Models */,
				3A4624ED24C4BC7000018775 /* Views */,
				3A4624EC24C4BC6B00018775 /* Controllers */,
				3A4624D724C4BC5B00018775 /* AppDelegate.swift */,
				3A4624D924C4BC5B00018775 /* SceneDelegate.swift */,
				3A4624E024C4BC5C00018775 /* Assets.xcassets */,
				3A4624E224C4BC5C00018775 /* LaunchScreen.storyboard */,
				3A4624E524C4BC5C00018775 /* Info.plist */,
			);
			path = "Personality Quiz";
			sourceTree = "<group>";
		};
		3A4624EB24C4BC6700018775 /* Models */ = {
			isa = PBXGroup;
			children = (
				3A4624F424C4C9E900018775 /* Country.swift */,
				3A4624F624C4CA5200018775 /* Countries.swift */,
			);
			path = Models;
			sourceTree = "<group>";
		};
		3A4624EC24C4BC6B00018775 /* Controllers */ = {
			isa = PBXGroup;
			children = (
				3A4624DB24C4BC5B00018775 /* WelcomeViewController.swift */,
				3A4624EE24C4BCA300018775 /* Constants.swift */,
				3A4624F024C4BF3900018775 /* QuizViewController.swift */,
				3A4624F224C4C94700018775 /* ResultsViewController.swift */,
			);
			path = Controllers;
			sourceTree = "<group>";
		};
		3A4624ED24C4BC7000018775 /* Views */ = {
			isa = PBXGroup;
			children = (
				3A4624DD24C4BC5B00018775 /* Main.storyboard */,
			);
			path = Views;
			sourceTree = "<group>";
		};
/* End PBXGroup section */

/* Begin PBXNativeTarget section */
		3A4624D324C4BC5A00018775 /* Personality Quiz */ = {
			isa = PBXNativeTarget;
			buildConfigurationList = 3A4624E824C4BC5C00018775 /* Build configuration list for PBXNativeTarget "Personality Quiz" */;
			buildPhases = (
				3A4624D024C4BC5A00018775 /* Sources */,
				3A4624D124C4BC5A00018775 /* Frameworks */,
				3A4624D224C4BC5A00018775 /* Resources */,
			);
			buildRules = (
			);
			dependencies = (
			);
			name = "Personality Quiz";
			productName = "Personality Quiz";
			productReference = 3A4624D424C4BC5B00018775 /* Personality Quiz.app */;
			productType = "com.apple.product-type.application";
		};
/* End PBXNativeTarget section */

/* Begin PBXProject section */
		3A4624CC24C4BC5A00018775 /* Project object */ = {
			isa = PBXProject;
			attributes = {
				LastSwiftUpdateCheck = 1150;
				LastUpgradeCheck = 1150;
				ORGANIZATIONNAME = RobertDodson.dev;
				TargetAttributes = {
					3A4624D324C4BC5A00018775 = {
						CreatedOnToolsVersion = 11.5;
					};
				};
			};
			buildConfigurationList = 3A4624CF24C4BC5A00018775 /* Build configuration list for PBXProject "Personality Quiz" */;
			compatibilityVersion = "Xcode 9.3";
			developmentRegion = en;
			hasScannedForEncodings = 0;
			knownRegions = (
				en,
				Base,
			);
			mainGroup = 3A4624CB24C4BC5A00018775;
			productRefGroup = 3A4624D524C4BC5B00018775 /* Products */;
			projectDirPath = "";
			projectRoot = "";
			targets = (
				3A4624D324C4BC5A00018775 /* Personality Quiz */,
			);
		};
/* End PBXProject section */

/* Begin PBXResourcesBuildPhase section */
		3A4624D224C4BC5A00018775 /* Resources */ = {
			isa = PBXResourcesBuildPhase;
			buildActionMask = 2147483647;
			files = (
				3A4624E424C4BC5C00018775 /* LaunchScreen.storyboard in Resources */,
				3A4624E124C4BC5C00018775 /* Assets.xcassets in Resources */,
				3A4624DF24C4BC5B00018775 /* Main.storyboard in Resources */,
			);
			runOnlyForDeploymentPostprocessing = 0;
		};
/* End PBXResourcesBuildPhase section */

/* Begin PBXSourcesBuildPhase section */
		3A4624D024C4BC5A00018775 /* Sources */ = {
			isa = PBXSourcesBuildPhase;
			buildActionMask = 2147483647;
			files = (
				3A4624F524C4C9E900018775 /* Country.swift in Sources */,
				3A4624DC24C4BC5B00018775 /* WelcomeViewController.swift in Sources */,
				3A4624F124C4BF3900018775 /* QuizViewController.swift in Sources */,
				3A4624D824C4BC5B00018775 /* AppDelegate.swift in Sources */,
				3A4624DA24C4BC5B00018775 /* SceneDelegate.swift in Sources */,
				3A4624EF24C4BCA300018775 /* Constants.swift in Sources */,
				3A4624F724C4CA5200018775 /* Countries.swift in Sources */,
				3A4624F324C4C94700018775 /* ResultsViewController.swift in Sources */,
			);
			runOnlyForDeploymentPostprocessing = 0;
		};
/* End PBXSourcesBuildPhase section */

/* Begin PBXVariantGroup section */
		3A4624DD24C4BC5B00018775 /* Main.storyboard */ = {
			isa = PBXVariantGroup;
			children = (
				3A4624DE24C4BC5B00018775 /* Base */,
			);
			name = Main.storyboard;
			sourceTree = "<group>";
		};
		3A4624E224C4BC5C00018775 /* LaunchScreen.storyboard */ = {
			isa = PBXVariantGroup;
			children = (
				3A4624E324C4BC5C00018775 /* Base */,
			);
			name = LaunchScreen.storyboard;
			sourceTree = "<group>";
		};
/* End PBXVariantGroup section */

/* Begin XCBuildConfiguration section */
		3A4624E624C4BC5C00018775 /* Debug */ = {
			isa = XCBuildConfiguration;
			buildSettings = {
				ALWAYS_SEARCH_USER_PATHS = NO;
				CLANG_ANALYZER_NONNULL = YES;
				CLANG_ANALYZER_NUMBER_OBJECT_CONVERSION = YES_AGGRESSIVE;
				CLANG_CXX_LANGUAGE_STANDARD = "gnu++14";
				CLANG_CXX_LIBRARY = "libc++";
				CLANG_ENABLE_MODULES = YES;
				CLANG_ENABLE_OBJC_ARC = YES;
				CLANG_ENABLE_OBJC_WEAK = YES;
				CLANG_WARN_BLOCK_CAPTURE_AUTORELEASING = YES;
				CLANG_WARN_BOOL_CONVERSION = YES;
				CLANG_WARN_COMMA = YES;
				CLANG_WARN_CONSTANT_CONVERSION = YES;
				CLANG_WARN_DEPRECATED_OBJC_IMPLEMENTATIONS = YES;
				CLANG_WARN_DIRECT_OBJC_ISA_USAGE = YES_ERROR;
				CLANG_WARN_DOCUMENTATION_COMMENTS = YES;
				CLANG_WARN_EMPTY_BODY = YES;
				CLANG_WARN_ENUM_CONVERSION = YES;
				CLANG_WARN_INFINITE_RECURSION = YES;
				CLANG_WARN_INT_CONVERSION = YES;
				CLANG_WARN_NON_LITERAL_NULL_CONVERSION = YES;
				CLANG_WARN_OBJC_IMPLICIT_RETAIN_SELF = YES;
				CLANG_WARN_OBJC_LITERAL_CONVERSION = YES;
				CLANG_WARN_OBJC_ROOT_CLASS = YES_ERROR;
				CLANG_WARN_RANGE_LOOP_ANALYSIS = YES;
				CLANG_WARN_STRICT_PROTOTYPES = YES;
				CLANG_WARN_SUSPICIOUS_MOVE = YES;
				CLANG_WARN_UNGUARDED_AVAILABILITY = YES_AGGRESSIVE;
				CLANG_WARN_UNREACHABLE_CODE = YES;
				CLANG_WARN__DUPLICATE_METHOD_MATCH = YES;
				COPY_PHASE_STRIP = NO;
				DEBUG_INFORMATION_FORMAT = dwarf;
				ENABLE_STRICT_OBJC_MSGSEND = YES;
				ENABLE_TESTABILITY = YES;
				GCC_C_LANGUAGE_STANDARD = gnu11;
				GCC_DYNAMIC_NO_PIC = NO;
				GCC_NO_COMMON_BLOCKS = YES;
				GCC_OPTIMIZATION_LEVEL = 0;
				GCC_PREPROCESSOR_DEFINITIONS = (
					"DEBUG=1",
					"$(inherited)",
				);
				GCC_WARN_64_TO_32_BIT_CONVERSION = YES;
				GCC_WARN_ABOUT_RETURN_TYPE = YES_ERROR;
				GCC_WARN_UNDECLARED_SELECTOR = YES;
				GCC_WARN_UNINITIALIZED_AUTOS = YES_AGGRESSIVE;
				GCC_WARN_UNUSED_FUNCTION = YES;
				GCC_WARN_UNUSED_VARIABLE = YES;
				IPHONEOS_DEPLOYMENT_TARGET = 13.5;
				MTL_ENABLE_DEBUG_INFO = INCLUDE_SOURCE;
				MTL_FAST_MATH = YES;
				ONLY_ACTIVE_ARCH = YES;
				SDKROOT = iphoneos;
				SWIFT_ACTIVE_COMPILATION_CONDITIONS = DEBUG;
				SWIFT_OPTIMIZATION_LEVEL = "-Onone";
			};
			name = Debug;
		};
		3A4624E724C4BC5C00018775 /* Release */ = {
			isa = XCBuildConfiguration;
			buildSettings = {
				ALWAYS_SEARCH_USER_PATHS = NO;
				CLANG_ANALYZER_NONNULL = YES;
				CLANG_ANALYZER_NUMBER_OBJECT_CONVERSION = YES_AGGRESSIVE;
				CLANG_CXX_LANGUAGE_STANDARD = "gnu++14";
				CLANG_CXX_LIBRARY = "libc++";
				CLANG_ENABLE_MODULES = YES;
				CLANG_ENABLE_OBJC_ARC = YES;
				CLANG_ENABLE_OBJC_WEAK = YES;
				CLANG_WARN_BLOCK_CAPTURE_AUTORELEASING = YES;
				CLANG_WARN_BOOL_CONVERSION = YES;
				CLANG_WARN_COMMA = YES;
				CLANG_WARN_CONSTANT_CONVERSION = YES;
				CLANG_WARN_DEPRECATED_OBJC_IMPLEMENTATIONS = YES;
				CLANG_WARN_DIRECT_OBJC_ISA_USAGE = YES_ERROR;
				CLANG_WARN_DOCUMENTATION_COMMENTS = YES;
				CLANG_WARN_EMPTY_BODY = YES;
				CLANG_WARN_ENUM_CONVERSION = YES;
				CLANG_WARN_INFINITE_RECURSION = YES;
				CLANG_WARN_INT_CONVERSION = YES;
				CLANG_WARN_NON_LITERAL_NULL_CONVERSION = YES;
				CLANG_WARN_OBJC_IMPLICIT_RETAIN_SELF = YES;
				CLANG_WARN_OBJC_LITERAL_CONVERSION = YES;
				CLANG_WARN_OBJC_ROOT_CLASS = YES_ERROR;
				CLANG_WARN_RANGE_LOOP_ANALYSIS = YES;
				CLANG_WARN_STRICT_PROTOTYPES = YES;
				CLANG_WARN_SUSPICIOUS_MOVE = YES;
				CLANG_WARN_UNGUARDED_AVAILABILITY = YES_AGGRESSIVE;
				CLANG_WARN_UNREACHABLE_CODE = YES;
				CLANG_WARN__DUPLICATE_METHOD_MATCH = YES;
				COPY_PHASE_STRIP = NO;
				DEBUG_INFORMATION_FORMAT = "dwarf-with-dsym";
				ENABLE_NS_ASSERTIONS = NO;
				ENABLE_STRICT_OBJC_MSGSEND = YES;
				GCC_C_LANGUAGE_STANDARD = gnu11;
				GCC_NO_COMMON_BLOCKS = YES;
				GCC_WARN_64_TO_32_BIT_CONVERSION = YES;
				GCC_WARN_ABOUT_RETURN_TYPE = YES_ERROR;
				GCC_WARN_UNDECLARED_SELECTOR = YES;
				GCC_WARN_UNINITIALIZED_AUTOS = YES_AGGRESSIVE;
				GCC_WARN_UNUSED_FUNCTION = YES;
				GCC_WARN_UNUSED_VARIABLE = YES;
				IPHONEOS_DEPLOYMENT_TARGET = 13.5;
				MTL_ENABLE_DEBUG_INFO = NO;
				MTL_FAST_MATH = YES;
				SDKROOT = iphoneos;
				SWIFT_COMPILATION_MODE = wholemodule;
				SWIFT_OPTIMIZATION_LEVEL = "-O";
				VALIDATE_PRODUCT = YES;
			};
			name = Release;
		};
		3A4624E924C4BC5C00018775 /* Debug */ = {
			isa = XCBuildConfiguration;
			buildSettings = {
				ASSETCATALOG_COMPILER_APPICON_NAME = AppIcon;
				CODE_SIGN_STYLE = Automatic;
				DEVELOPMENT_TEAM = 5569895MQ4;
				INFOPLIST_FILE = "Personality Quiz/Info.plist";
				LD_RUNPATH_SEARCH_PATHS = (
					"$(inherited)",
					"@executable_path/Frameworks",
				);
				PRODUCT_BUNDLE_IDENTIFIER = "dev.RobertDodson.Personality-Quiz";
				PRODUCT_NAME = "$(TARGET_NAME)";
				SWIFT_VERSION = 5.0;
				TARGETED_DEVICE_FAMILY = "1,2";
			};
			name = Debug;
		};
		3A4624EA24C4BC5C00018775 /* Release */ = {
			isa = XCBuildConfiguration;
			buildSettings = {
				ASSETCATALOG_COMPILER_APPICON_NAME = AppIcon;
				CODE_SIGN_STYLE = Automatic;
				DEVELOPMENT_TEAM = 5569895MQ4;
				INFOPLIST_FILE = "Personality Quiz/Info.plist";
				LD_RUNPATH_SEARCH_PATHS = (
					"$(inherited)",
					"@executable_path/Frameworks",
				);
				PRODUCT_BUNDLE_IDENTIFIER = "dev.RobertDodson.Personality-Quiz";
				PRODUCT_NAME = "$(TARGET_NAME)";
				SWIFT_VERSION = 5.0;
				TARGETED_DEVICE_FAMILY = "1,2";
			};
			name = Release;
		};
/* End XCBuildConfiguration section */

/* Begin XCConfigurationList section */
		3A4624CF24C4BC5A00018775 /* Build configuration list for PBXProject "Personality Quiz" */ = {
			isa = XCConfigurationList;
			buildConfigurations = (
				3A4624E624C4BC5C00018775 /* Debug */,
				3A4624E724C4BC5C00018775 /* Release */,
			);
			defaultConfigurationIsVisible = 0;
			defaultConfigurationName = Release;
		};
		3A4624E824C4BC5C00018775 /* Build configuration list for PBXNativeTarget "Personality Quiz" */ = {
			isa = XCConfigurationList;
			buildConfigurations = (
				3A4624E924C4BC5C00018775 /* Debug */,
				3A4624EA24C4BC5C00018775 /* Release */,
			);
			defaultConfigurationIsVisible = 0;
			defaultConfigurationName = Release;
		};
/* End XCConfigurationList section */
	};
	rootObject = 3A4624CC24C4BC5A00018775 /* Project object */;
}
